
Microsoft Visual Studio Solution File, Format Version 12.00
# Visual Studio Version 17
VisualStudioVersion = 17.9.34728.123
MinimumVisualStudioVersion = 10.0.40219.1
Project("{FAE04EC0-301F-11D3-BF4B-00C04F79EFBC}") = "ContactBook", "ContactBook.csproj", "{BAAC0B74-FA03-4010-BDF2-D21DDE596140}"
EndProject
Global
	GlobalSection(SolutionConfigurationPlatforms) = preSolution
		Debug|Any CPU = Debug|Any CPU
		Release|Any CPU = Release|Any CPU
	EndGlobalSection
	GlobalSection(ProjectConfigurationPlatforms) = postSolution
		{BAAC0B74-FA03-4010-BDF2-D21DDE596140}.Debug|Any CPU.ActiveCfg = Debug|Any CPU
		{BAAC0B74-FA03-4010-BDF2-D21DDE596140}.Debug|Any CPU.Build.0 = Debug|Any CPU
		{BAAC0B74-FA03-4010-BDF2-D21DDE596140}.Release|Any CPU.ActiveCfg = Release|Any CPU
		{BAAC0B74-FA03-4010-BDF2-D21DDE596140}.Release|Any CPU.Build.0 = Release|Any CPU
	EndGlobalSection
	GlobalSection(SolutionProperties) = preSolution
		HideSolutionNode = FALSE
	EndGlobalSection
	GlobalSection(ExtensibilityGlobals) = postSolution
		SolutionGuid = {0AF40CAE-5991-45A2-BBF0-44D9A45D41A4}
	EndGlobalSection
EndGlobal
